# THIS IS AN AUTOGENERATED FILE. DO NOT EDIT THIS FILE DIRECTLY.
# yarn lockfile v1


"@feathersjs/commons@^4.5.12":
  version "4.5.12"
  resolved "https://registry.yarnpkg.com/@feathersjs/commons/-/commons-4.5.12.tgz#42e60e933849905b8803a3ebd7d4424f85ee7d3f"
  integrity sha512-ss3yyk8HurmOCSD+wvENIrT9iSa8vg9SmikoP5c9JaLkbtMmKpH88jCjgRl7jiO54f2+UcjW3PqccNgUGSNSDQ==

"@feathersjs/errors@^4.5.12":
  version "4.5.12"
  resolved "https://registry.yarnpkg.com/@feathersjs/errors/-/errors-4.5.12.tgz#c9d408a103e2ead228e6c61ea24516e6fe635a43"
  integrity sha512-xIQJ7t/acTuL1fTC6mpf0qlcWfJkA9x0rRMrSgjD3mzUnJU6VqxXFxusL8895ksGD0vQHwPueblbm8Hn6Ifqqw==
  dependencies:
    debug "^4.3.3"

"@feathersjs/primus@^4.5.12":
  version "4.5.12"
  resolved "https://registry.yarnpkg.com/@feathersjs/primus/-/primus-4.5.12.tgz#29bf16de64dcbb4e5fd1507ffef4016683da74f4"
  integrity sha512-H0vjhAht2j3fmh++3qclNJGcOflStG2CupRlBTazcpKmxlcdn3mlJEm0FW28AhY1bhRo2rGea45q3/n8JSo+Dw==
  dependencies:
    "@feathersjs/transport-commons" "^4.5.12"
    debug "^4.3.3"
    primus "^8.0.5"
    primus-emitter "^3.1.1"
    uberproto "^2.0.6"

"@feathersjs/transport-commons@^4.5.12":
  version "4.5.12"
  resolved "https://registry.yarnpkg.com/@feathersjs/transport-commons/-/transport-commons-4.5.12.tgz#3993d03a1cfed630b0fc42e5dc1e92c76738fb28"
  integrity sha512-c/FnP+xzCmfsHGj4NGhHpTy2haaA2jiKZ+du8rUUWBgxC73y3mw7udUGhWdDxGx2mnXtOKCwIA6oPQBdXtFC+A==
  dependencies:
    "@feathersjs/commons" "^4.5.12"
    "@feathersjs/errors" "^4.5.12"
    debug "^4.3.3"
    lodash "^4.17.21"
    radix-router "^3.0.1"

"@types/node@*":
  version "17.0.17"
  resolved "https://registry.yarnpkg.com/@types/node/-/node-17.0.17.tgz#a8ddf6e0c2341718d74ee3dc413a13a042c45a0c"
  integrity sha512-e8PUNQy1HgJGV3iU/Bp2+D/DXh3PYeyli8LgIwsQcs1Ar1LoaWHSIT6Rw+H2rNJmiq6SNWiDytfx8+gYj7wDHw==

"@types/ws@^8.2.2":
  version "8.2.2"
  resolved "https://registry.yarnpkg.com/@types/ws/-/ws-8.2.2.tgz#7c5be4decb19500ae6b3d563043cd407bf366c21"
  integrity sha512-NOn5eIcgWLOo6qW8AcuLZ7G8PycXu0xTxxkS6Q18VWFxgPUSOwV0pBj2a/4viNZVu25i7RIB7GttdkAIUUXOOg==
  dependencies:
    "@types/node" "*"

access-control@~1.0.0:
  version "1.0.1"
  resolved "https://registry.yarnpkg.com/access-control/-/access-control-1.0.1.tgz#fc08ceed11cea21576c50edfc3df09b9c240552e"
  integrity sha512-H5aqjkogmFxfaOrfn/e42vyspHVXuJ8er63KuljJXpOyJ1ZO/U5CrHfO8BLKIy2w7mBM02L5quL0vbfQqrGQbA==
  dependencies:
    millisecond "~0.1.2"
    setheader "~1.0.0"
    vary "~1.1.0"

asyncemit@~3.0.1:
  version "3.0.1"
  resolved "https://registry.yarnpkg.com/asyncemit/-/asyncemit-3.0.1.tgz#cc3e0fe0da39b53cc15e5b3aa8616ea6a72bd599"
  integrity sha1-zD4P4No5tTzBXls6qGFupqcr1Zk=

color-convert@^1.9.3:
  version "1.9.3"
  resolved "https://registry.yarnpkg.com/color-convert/-/color-convert-1.9.3.tgz#bb71850690e1f136567de629d2d5471deda4c1e8"
  integrity sha512-QfAUtd+vFdAtFQcC8CCyYt1fYWxSqAiK2cSD6zDB8N3cpsEBAvRxp9zOGg6G/SHHJYAT88/az/IuDGALsNVbGg==
  dependencies:
    color-name "1.1.3"

color-name@1.1.3:
  version "1.1.3"
  resolved "https://registry.yarnpkg.com/color-name/-/color-name-1.1.3.tgz#a7d0558bd89c42f795dd42328f740831ca53bc25"
  integrity sha1-p9BVi9icQveV3UIyj3QIMcpTvCU=

color-name@^1.0.0:
  version "1.1.4"
  resolved "https://registry.yarnpkg.com/color-name/-/color-name-1.1.4.tgz#c2a09a87acbde69543de6f63fa3995c826c536a2"
  integrity sha512-dOy+3AuW3a2wNbZHIuMZpTcgjGuLU/uBL/ubcZF9OXbDo8ff4O8yVp5Bf0efS8uEoYo5q4Fx7dY9OgQGXgAsQA==

color-string@^1.6.0:
  version "1.9.0"
  resolved "https://registry.yarnpkg.com/color-string/-/color-string-1.9.0.tgz#63b6ebd1bec11999d1df3a79a7569451ac2be8aa"
  integrity sha512-9Mrz2AQLefkH1UvASKj6v6hj/7eWgjnT/cVsR8CumieLoT+g900exWeNogqtweI8dxloXN9BDQTYro1oWu/5CQ==
  dependencies:
    color-name "^1.0.0"
    simple-swizzle "^0.2.2"

color@^3.1.3:
  version "3.2.1"
  resolved "https://registry.yarnpkg.com/color/-/color-3.2.1.tgz#3544dc198caf4490c3ecc9a790b54fe9ff45e164"
  integrity sha512-aBl7dZI9ENN6fUGC7mWpMTPNHmWUSNan9tuWN6ahh5ZLNk9baLJOnSMlrQkHcrfFgz2/RigjUVAjdx36VcemKA==
  dependencies:
    color-convert "^1.9.3"
    color-string "^1.6.0"

colornames@^1.1.1:
  version "1.1.1"
  resolved "https://registry.yarnpkg.com/colornames/-/colornames-1.1.1.tgz#f8889030685c7c4ff9e2a559f5077eb76a816f96"
  integrity sha1-+IiQMGhcfE/54qVZ9Qd+t2qBb5Y=

colorspace@1.1.x:
  version "1.1.4"
  resolved "https://registry.yarnpkg.com/colorspace/-/colorspace-1.1.4.tgz#8d442d1186152f60453bf8070cd66eb364e59243"
  integrity sha512-BgvKJiuVu1igBUF2kEjRCZXol6wiiGbY5ipL/oVPwm0BL9sIpMIzM8IK7vwuxIIzOXMV3Ey5w+vxhm0rR/TN8w==
  dependencies:
    color "^3.1.3"
    text-hex "1.0.x"

connected@~0.0.2:
  version "0.0.2"
  resolved "https://registry.yarnpkg.com/connected/-/connected-0.0.2.tgz#7b5755b216ce31ffabccc38e9f4e1dfc1c3b7c6d"
  integrity sha1-e1dVshbOMf+rzMOOn04d/Bw7fG0=

create-server@~1.0.1:
  version "1.0.2"
  resolved "https://registry.yarnpkg.com/create-server/-/create-server-1.0.2.tgz#1684e360dc9eac10bce8943d67b8de149d6ce428"
  integrity sha512-hie+Kyero+jxt6dwKhLKtN23qSNiMn8mNIEjTjwzaZwH2y4tr4nYloeFrpadqV+ZqV9jQ15t3AKotaK8dOo45w==
  dependencies:
    connected "~0.0.2"

debug@^4.3.3:
  version "4.3.3"
  resolved "https://registry.yarnpkg.com/debug/-/debug-4.3.3.tgz#04266e0b70a98d4462e6e288e38259213332b664"
  integrity sha512-/zxw5+vh1Tfv+4Qn7a5nsbcJKPaSvCDhojn6FEl9vupwK2VCSDtEiEtqr8DFtzYFOdz63LBkxec7DYuc2jon6Q==
  dependencies:
    ms "2.1.2"

diagnostics@1.x.x:
  version "1.1.1"
  resolved "https://registry.yarnpkg.com/diagnostics/-/diagnostics-1.1.1.tgz#cab6ac33df70c9d9a727490ae43ac995a769b22a"
  integrity sha512-8wn1PmdunLJ9Tqbx+Fx/ZEuHfJf4NKSN2ZBj7SJC/OWRWha843+WsTjqMe1B5E3p28jqBlp+mJ2fPVxPyNgYKQ==
  dependencies:
    colorspace "1.1.x"
    enabled "1.0.x"
    kuler "1.0.x"

diagnostics@~2.0.0:
  version "2.0.2"
  resolved "https://registry.yarnpkg.com/diagnostics/-/diagnostics-2.0.2.tgz#dfa936f106f22bcbbcf9570037d1f7f22f387b76"
  integrity sha512-gvnlQHwkWTOeSM1iRNEwPcUuUwlhovzbuQzalKrTbcJhI5cvhtkRVZZqomwZt4pCl2dvbsugD6yyu+66rtMy3Q==
  dependencies:
    colorspace "1.1.x"
    enabled "2.0.x"
    kuler "^2.0.0"
    storage-engine "3.0.x"

emits@3.0.x:
  version "3.0.0"
  resolved "https://registry.yarnpkg.com/emits/-/emits-3.0.0.tgz#32752bba95e1707b219562384ab9bb8b1fd62f70"
  integrity sha1-MnUrupXhcHshlWI4Srm7ix/WL3A=

enabled@1.0.x:
  version "1.0.2"
  resolved "https://registry.yarnpkg.com/enabled/-/enabled-1.0.2.tgz#965f6513d2c2d1c5f4652b64a2e3396467fc2f93"
  integrity sha1-ll9lE9LC0cX0ZStkouM5ZGf8L5M=
  dependencies:
    env-variable "0.0.x"

enabled@2.0.x, enabled@^2.0.0:
  version "2.0.0"
  resolved "https://registry.yarnpkg.com/enabled/-/enabled-2.0.0.tgz#f9dd92ec2d6f4bbc0d5d1e64e21d61cd4665e7c2"
  integrity sha512-AKrN98kuwOzMIdAizXGI86UFBoo26CL21UM763y1h/GMSJ4/OHU9k2YlsmBpyScFo/wbLzWQJBMCW4+IO3/+OQ==

env-variable@0.0.x:
  version "0.0.6"
  resolved "https://registry.yarnpkg.com/env-variable/-/env-variable-0.0.6.tgz#74ab20b3786c545b62b4a4813ab8cf22726c9808"
  integrity sha512-bHz59NlBbtS0NhftmR8+ExBEekE7br0e01jw+kk0NDro7TtZzBYZ5ScGPs3OmwnpyfHTHOtr1Y6uedCdrIldtg==

eventemitter3@^4.0.0, eventemitter3@~4.0.0:
  version "4.0.7"
  resolved "https://registry.yarnpkg.com/eventemitter3/-/eventemitter3-4.0.7.tgz#2de9b68f6528d5644ef5c59526a1b4a07306169f"
  integrity sha512-8guHBZCwKnFhYdHr2ysuRWErTwhoN2X8XELRlrRwpmfeY2jjuUN4taQMsULKUVo1K4DvZl+0pgfyoysHxvmvEw==

extendible@0.1.x:
  version "0.1.1"
  resolved "https://registry.yarnpkg.com/extendible/-/extendible-0.1.1.tgz#e2a37ed87129fb4f9533e8a8d7506230a539c905"
  integrity sha1-4qN+2HEp+0+VM+io11BiMKU5yQU=

forwarded-for@~1.1.0:
  version "1.1.0"
  resolved "https://registry.yarnpkg.com/forwarded-for/-/forwarded-for-1.1.0.tgz#3e4548ea1aacee82f95c96bbd5b5991b3e88378e"
  integrity sha512-1Yam9ht7GyMXMBvuwJfUYqpdtLVodtT5ee5JMBzGiSwVVeh37ZN8LuOWkNHd6ho2zUxpSZCHuQrt1Vjl2AxDNA==

fusing@~1.0.0:
  version "1.0.0"
  resolved "https://registry.yarnpkg.com/fusing/-/fusing-1.0.0.tgz#550c15d76af9265778aa051ece44d4000a098d45"
  integrity sha1-VQwV12r5Jld4qgUezkTUAAoJjUU=
  dependencies:
    emits "3.0.x"
    predefine "0.1.x"

is-arrayish@^0.3.1:
  version "0.3.2"
  resolved "https://registry.yarnpkg.com/is-arrayish/-/is-arrayish-0.3.2.tgz#4574a2ae56f7ab206896fb431eaeed066fdf8f03"
  integrity sha512-eVRqCvVlZbuw3GrM63ovNSNAeA1K16kaR/LRY/92w0zxQ5/1YzwblUX652i4Xs9RwAGjW9d9y6X88t8OaAJfWQ==

kuler@1.0.x:
  version "1.0.1"
  resolved "https://registry.yarnpkg.com/kuler/-/kuler-1.0.1.tgz#ef7c784f36c9fb6e16dd3150d152677b2b0228a6"
  integrity sha512-J9nVUucG1p/skKul6DU3PUZrhs0LPulNaeUOox0IyXDi8S4CztTHs1gQphhuZmzXG7VOQSf6NJfKuzteQLv9gQ==
  dependencies:
    colornames "^1.1.1"

kuler@^2.0.0:
  version "2.0.0"
  resolved "https://registry.yarnpkg.com/kuler/-/kuler-2.0.0.tgz#e2c570a3800388fb44407e851531c1d670b061b3"
  integrity sha512-Xq9nH7KlWZmXAtodXDDRE7vs6DU1gTU8zYDHDiWLSip45Egwq3plLHzPn27NgvzL2r1LMPC1vdqh98sQxtqj4A==

lodash@^4.17.21:
  version "4.17.21"
  resolved "https://registry.yarnpkg.com/lodash/-/lodash-4.17.21.tgz#679591c564c3bffaae8454cf0b3df370c3d6911c"
  integrity sha512-v2kDEe57lecTulaDIuNTPy3Ry4gLGJ6Z1O3vE1krgXZNrsQ+LFTGHVxVjcXPs17LhbZVGedAJv8XZ1tvj5FvSg==

millisecond@~0.1.2:
  version "0.1.2"
  resolved "https://registry.yarnpkg.com/millisecond/-/millisecond-0.1.2.tgz#6cc5ad386241cab8e78aff964f87028eec92dac5"
  integrity sha1-bMWtOGJByrjniv+WT4cCjuyS2sU=

ms@2.1.2:
  version "2.1.2"
  resolved "https://registry.yarnpkg.com/ms/-/ms-2.1.2.tgz#d09d1f357b443f493382a8eb3ccd183872ae6009"
  integrity sha512-sGkPx+VjMtmA6MX27oA4FBFELFCZZ4S4XqeGOXCv68tT+jb3vk/RyaKWP0PTKyWtmLSM0b+adUTEvbs1PEaH2w==

nanoid@~3.1.10:
  version "3.1.32"
  resolved "https://registry.yarnpkg.com/nanoid/-/nanoid-3.1.32.tgz#8f96069e6239cc0a9ae8c0d3b41a3b4933a88c0a"
  integrity sha512-F8mf7R3iT9bvThBoW4tGXhXFHCctyCiUUPrWF8WaTqa3h96d9QybkSeba43XVOOE3oiLfkVDe4bT8MeGmkrTxw==

predefine@0.1.x:
  version "0.1.3"
  resolved "https://registry.yarnpkg.com/predefine/-/predefine-0.1.3.tgz#833d67afa815c42707845449dbc88d8a307744e5"
  integrity sha512-Nq6APFC5OtQRl5TmMk6RlGwl6UOCtEqa+5ZTbKFp6tMw4wdMUa7Rief0UNE3fV5BgQahJ70QmDgeOog8RE9FMw==
  dependencies:
    extendible "0.1.x"

primus-emitter@^3.1.1:
  version "3.1.1"
  resolved "https://registry.yarnpkg.com/primus-emitter/-/primus-emitter-3.1.1.tgz#a85a36353fe8a96975be5edfebd7ee66c84dce1b"
  integrity sha1-qFo2NT/oqWl1vl7f69fuZshNzhs=

primus@^8.0.5:
  version "8.0.5"
  resolved "https://registry.yarnpkg.com/primus/-/primus-8.0.5.tgz#1334947bea790b5267a232c153a98137e8d3ac2a"
  integrity sha512-gYCzgtKJ+HFGwj3Im5aNHCNHY2egiQYfZHiw/4OLHshdpBzASIMk0RH5qrKc1SqVWaqA4g9GGJJWMrUgCMDb2A==
  dependencies:
    access-control "~1.0.0"
    asyncemit "~3.0.1"
    create-server "~1.0.1"
    diagnostics "~2.0.0"
    eventemitter3 "~4.0.0"
    forwarded-for "~1.1.0"
    fusing "~1.0.0"
    nanoid "~3.1.10"
    setheader "~1.0.2"
    ultron "~1.1.0"

radix-router@^3.0.1:
  version "3.0.1"
  resolved "https://registry.yarnpkg.com/radix-router/-/radix-router-3.0.1.tgz#5522c829f7100e60c58fd1acf8803e0b2b312d97"
  integrity sha512-jpHXHgP+ZmVzEfmZ7WVRSvc/EqMoAqYuMtBsHd9s47Hs9Iy8FDJhkweMrDH0wmdxanLzVIWhq0UpomLXNpW8tg==

setheader@~1.0.0, setheader@~1.0.2:
  version "1.0.2"
  resolved "https://registry.yarnpkg.com/setheader/-/setheader-1.0.2.tgz#cde0732155a554f91192ced963f718afcdd92748"
  integrity sha512-A704nIwzqGed0CnJZIqDE+0udMPS839ocgf1R9OJ8aq8vw4U980HWeNaD9ec8VnmBni9lyGEWDedOWXT/C5kxA==
  dependencies:
    diagnostics "1.x.x"

simple-swizzle@^0.2.2:
  version "0.2.2"
  resolved "https://registry.yarnpkg.com/simple-swizzle/-/simple-swizzle-0.2.2.tgz#a4da6b635ffcccca33f70d17cb92592de95e557a"
  integrity sha1-pNprY1/8zMoz9w0Xy5JZLeleVXo=
  dependencies:
    is-arrayish "^0.3.1"

storage-engine@3.0.x:
  version "3.0.7"
  resolved "https://registry.yarnpkg.com/storage-engine/-/storage-engine-3.0.7.tgz#36c4532acde1b090dbc55b97332e9016ec1360cf"
  integrity sha512-V/jJykpPdsyDImLwu19syIAWn/Tb41tBDikQS+aQPH2h2OgqdLxwOg7wI9nPH3Y0Mh1ce566JZl2u+4eH1nAsg==
  dependencies:
    enabled "^2.0.0"
    eventemitter3 "^4.0.0"

text-hex@1.0.x:
  version "1.0.0"
  resolved "https://registry.yarnpkg.com/text-hex/-/text-hex-1.0.0.tgz#69dc9c1b17446ee79a92bf5b884bb4b9127506f5"
  integrity sha512-uuVGNWzgJ4yhRaNSiubPY7OjISw4sw4E5Uv0wbjp+OzcbmVU/rsT8ujgcXJhn9ypzsgr5vlzpPqP+MBBKcGvbg==

uberproto@^2.0.6:
  version "2.0.6"
  resolved "https://registry.yarnpkg.com/uberproto/-/uberproto-2.0.6.tgz#709274d183bce6fb734dfd3880d2086ed72b69e5"
  integrity sha512-68H97HffZoFaa3HFtpstahWorN9dSp5uTU6jo3GjIQ6JkJBR3hC2Nx/e/HFOoYHdUyT/Z1MRWfxN1EiQJZUyCQ==

ultron@~1.1.0:
  version "1.1.1"
  resolved "https://registry.yarnpkg.com/ultron/-/ultron-1.1.1.tgz#9fe1536a10a664a65266a1e3ccf85fd36302bc9c"
  integrity sha512-UIEXBNeYmKptWH6z8ZnqTeS8fV74zG0/eRU9VGkpzz+LIJNs8W/zM/L+7ctCkRrgbNnnR0xxw4bKOr0cW0N0Og==

vary@~1.1.0:
  version "1.1.2"
  resolved "https://registry.yarnpkg.com/vary/-/vary-1.1.2.tgz#2299f02c6ded30d4a5961b0b9f74524a18f634fc"
  integrity sha1-IpnwLG3tMNSllhsLn3RSShj2NPw=

ws@^8.5.0:
  version "8.5.0"
  resolved "https://registry.yarnpkg.com/ws/-/ws-8.5.0.tgz#bfb4be96600757fe5382de12c670dab984a1ed4f"
  integrity sha512-BWX0SWVgLPzYwF8lTzEy1egjhS4S4OEAHfsO8o65WOVsrnSRGaSiUaa9e0ggGlkMTtBlmOpEXiie9RUcBO86qg==
